
Microsoft Visual Studio Solution File, Format Version 12.00
Project("{2150E333-8FDC-42A3-9474-1A3956D46DE8}") = "src", "src", "{67ACDE6A-25A2-44B3-AA72-188232640E47}"
EndProject
Project("{2150E333-8FDC-42A3-9474-1A3956D46DE8}") = "Backend", "Backend", "{EB8697EB-98E6-4254-AC77-A4466B61DC87}"
EndProject
Project("{FAE04EC0-301F-11D3-BF4B-00C04F79EFBC}") = "Breviori.API", "src\Backend\Breviori.API\Breviori.API.csproj", "{FD68D1E7-6AC8-4A5D-AB44-80075738619B}"
EndProject
Project("{FAE04EC0-301F-11D3-BF4B-00C04F79EFBC}") = "Breviori.Application", "src\Backend\Breviori.Application\Breviori.Application.csproj", "{6C80DB33-5C29-4DAB-9096-5C87043D3E70}"
EndProject
Project("{FAE04EC0-301F-11D3-BF4B-00C04F79EFBC}") = "Breviori.Domain", "src\Backend\Breviori.Domain\Breviori.Domain.csproj", "{7C867DD2-7412-4350-9F4E-CC3B61E1358C}"
EndProject
Project("{FAE04EC0-301F-11D3-BF4B-00C04F79EFBC}") = "Breviori.Infrastructure", "src\Backend\Breviori.Infrastructure\Breviori.Infrastructure.csproj", "{F4E2D02C-A374-45D7-B073-637CC134A8FB}"
EndProject
Project("{2150E333-8FDC-42A3-9474-1A3956D46DE8}") = "Shared", "Shared", "{016B2A7E-D378-47A7-8CDB-A964B3B6AE0B}"
EndProject
Project("{FAE04EC0-301F-11D3-BF4B-00C04F79EFBC}") = "Communication", "src\Shared\Communication\Communication.csproj", "{859D9753-DD9E-4126-9113-293A73CF42EF}"
EndProject
Global
	GlobalSection(SolutionConfigurationPlatforms) = preSolution
		Debug|Any CPU = Debug|Any CPU
		Release|Any CPU = Release|Any CPU
	EndGlobalSection
	GlobalSection(ProjectConfigurationPlatforms) = postSolution
		{FD68D1E7-6AC8-4A5D-AB44-80075738619B}.Debug|Any CPU.ActiveCfg = Debug|Any CPU
		{FD68D1E7-6AC8-4A5D-AB44-80075738619B}.Debug|Any CPU.Build.0 = Debug|Any CPU
		{FD68D1E7-6AC8-4A5D-AB44-80075738619B}.Release|Any CPU.ActiveCfg = Release|Any CPU
		{FD68D1E7-6AC8-4A5D-AB44-80075738619B}.Release|Any CPU.Build.0 = Release|Any CPU
		{6C80DB33-5C29-4DAB-9096-5C87043D3E70}.Debug|Any CPU.ActiveCfg = Debug|Any CPU
		{6C80DB33-5C29-4DAB-9096-5C87043D3E70}.Debug|Any CPU.Build.0 = Debug|Any CPU
		{6C80DB33-5C29-4DAB-9096-5C87043D3E70}.Release|Any CPU.ActiveCfg = Release|Any CPU
		{6C80DB33-5C29-4DAB-9096-5C87043D3E70}.Release|Any CPU.Build.0 = Release|Any CPU
		{7C867DD2-7412-4350-9F4E-CC3B61E1358C}.Debug|Any CPU.ActiveCfg = Debug|Any CPU
		{7C867DD2-7412-4350-9F4E-CC3B61E1358C}.Debug|Any CPU.Build.0 = Debug|Any CPU
		{7C867DD2-7412-4350-9F4E-CC3B61E1358C}.Release|Any CPU.ActiveCfg = Release|Any CPU
		{7C867DD2-7412-4350-9F4E-CC3B61E1358C}.Release|Any CPU.Build.0 = Release|Any CPU
		{F4E2D02C-A374-45D7-B073-637CC134A8FB}.Debug|Any CPU.ActiveCfg = Debug|Any CPU
		{F4E2D02C-A374-45D7-B073-637CC134A8FB}.Debug|Any CPU.Build.0 = Debug|Any CPU
		{F4E2D02C-A374-45D7-B073-637CC134A8FB}.Release|Any CPU.ActiveCfg = Release|Any CPU
		{F4E2D02C-A374-45D7-B073-637CC134A8FB}.Release|Any CPU.Build.0 = Release|Any CPU
		{859D9753-DD9E-4126-9113-293A73CF42EF}.Debug|Any CPU.ActiveCfg = Debug|Any CPU
		{859D9753-DD9E-4126-9113-293A73CF42EF}.Debug|Any CPU.Build.0 = Debug|Any CPU
		{859D9753-DD9E-4126-9113-293A73CF42EF}.Release|Any CPU.ActiveCfg = Release|Any CPU
		{859D9753-DD9E-4126-9113-293A73CF42EF}.Release|Any CPU.Build.0 = Release|Any CPU
	EndGlobalSection
	GlobalSection(NestedProjects) = preSolution
		{EB8697EB-98E6-4254-AC77-A4466B61DC87} = {67ACDE6A-25A2-44B3-AA72-188232640E47}
		{FD68D1E7-6AC8-4A5D-AB44-80075738619B} = {EB8697EB-98E6-4254-AC77-A4466B61DC87}
		{6C80DB33-5C29-4DAB-9096-5C87043D3E70} = {EB8697EB-98E6-4254-AC77-A4466B61DC87}
		{7C867DD2-7412-4350-9F4E-CC3B61E1358C} = {EB8697EB-98E6-4254-AC77-A4466B61DC87}
		{F4E2D02C-A374-45D7-B073-637CC134A8FB} = {EB8697EB-98E6-4254-AC77-A4466B61DC87}
		{016B2A7E-D378-47A7-8CDB-A964B3B6AE0B} = {67ACDE6A-25A2-44B3-AA72-188232640E47}
		{859D9753-DD9E-4126-9113-293A73CF42EF} = {016B2A7E-D378-47A7-8CDB-A964B3B6AE0B}
	EndGlobalSection
EndGlobal
